
Microsoft Visual Studio Solution File, Format Version 12.00
# Visual Studio 2013
VisualStudioVersion = 12.0.30324.0
MinimumVisualStudioVersion = 10.0.40219.1
Project("{FAE04EC0-301F-11D3-BF4B-00C04F79EFBC}") = "Books.Web", "Books.Web\Books.Web.csproj", "{7809B401-1928-4D20-9655-68E10BDC7882}"
EndProject
Project("{FAE04EC0-301F-11D3-BF4B-00C04F79EFBC}") = "Books.Entities", "Books.Entities\Books.Entities.csproj", "{938FC9A8-F5B0-46FF-A4F2-2F2E28927645}"
EndProject
Global
	GlobalSection(SolutionConfigurationPlatforms) = preSolution
		Debug|Any CPU = Debug|Any CPU
		Release|Any CPU = Release|Any CPU
	EndGlobalSection
	GlobalSection(ProjectConfigurationPlatforms) = postSolution
		{7809B401-1928-4D20-9655-68E10BDC7882}.Debug|Any CPU.ActiveCfg = Debug|Any CPU
		{7809B401-1928-4D20-9655-68E10BDC7882}.Debug|Any CPU.Build.0 = Debug|Any CPU
		{7809B401-1928-4D20-9655-68E10BDC7882}.Release|Any CPU.ActiveCfg = Release|Any CPU
		{7809B401-1928-4D20-9655-68E10BDC7882}.Release|Any CPU.Build.0 = Release|Any CPU
		{938FC9A8-F5B0-46FF-A4F2-2F2E28927645}.Debug|Any CPU.ActiveCfg = Debug|Any CPU
		{938FC9A8-F5B0-46FF-A4F2-2F2E28927645}.Debug|Any CPU.Build.0 = Debug|Any CPU
		{938FC9A8-F5B0-46FF-A4F2-2F2E28927645}.Release|Any CPU.ActiveCfg = Release|Any CPU
		{938FC9A8-F5B0-46FF-A4F2-2F2E28927645}.Release|Any CPU.Build.0 = Release|Any CPU
	EndGlobalSection
	GlobalSection(SolutionProperties) = preSolution
		HideSolutionNode = FALSE
	EndGlobalSection
EndGlobal
