
Microsoft Visual Studio Solution File, Format Version 12.00
# Visual Studio 2012
Project("{FAE04EC0-301F-11D3-BF4B-00C04F79EFBC}") = "OWINConsoleHost", "OWINConsoleHost\OWINConsoleHost.csproj", "{735C22CF-5FC3-4EF4-BB40-5D26347C1555}"
EndProject
Global
	GlobalSection(SolutionConfigurationPlatforms) = preSolution
		Debug|Any CPU = Debug|Any CPU
		Release|Any CPU = Release|Any CPU
	EndGlobalSection
	GlobalSection(ProjectConfigurationPlatforms) = postSolution
		{735C22CF-5FC3-4EF4-BB40-5D26347C1555}.Debug|Any CPU.ActiveCfg = Debug|Any CPU
		{735C22CF-5FC3-4EF4-BB40-5D26347C1555}.Debug|Any CPU.Build.0 = Debug|Any CPU
		{735C22CF-5FC3-4EF4-BB40-5D26347C1555}.Release|Any CPU.ActiveCfg = Release|Any CPU
		{735C22CF-5FC3-4EF4-BB40-5D26347C1555}.Release|Any CPU.Build.0 = Release|Any CPU
	EndGlobalSection
	GlobalSection(SolutionProperties) = preSolution
		HideSolutionNode = FALSE
	EndGlobalSection
EndGlobal
